{
  "name": "elsaworkflow.blazor",
  "version": "1.0.0",
  "lockfileVersion": 3,
  "requires": true,
  "packages": {
    "": {
      "name": "elsaworkflow.blazor",
      "version": "1.0.0",
      "license": "ISC",
      "dependencies": {
        "@elsa-workflows/elsa-studio-wasm": "^3.6.1"
      }
    },
    "node_modules/@elsa-workflows/elsa-studio-wasm": {
      "version": "3.6.1",
      "resolved": "https://registry.npmjs.org/@elsa-workflows/elsa-studio-wasm/-/elsa-studio-wasm-3.6.1.tgz",
      "integrity": "sha512-Sa08z3fYS3alRfYxy+mgQJdMn44dcWXrLr5MivYQLYupJx15tLychL9pWX5hLN/PP860r3dkHYFWXpUKPtaNHA==",
      "license": "MIT"
    }
  }
}
